
Microsoft Visual Studio Solution File, Format Version 12.00
# Visual Studio Version 17
VisualStudioVersion = 17.7.34009.444
MinimumVisualStudioVersion = 10.0.40219.1
Project("{9A19103F-16F7-4668-BE54-9A1E7A4F7556}") = "Hangman.Components", "Hangman.Components\Hangman.Components.csproj", "{0CE5657E-EF01-41DE-9A7D-BB1BF142B697}"
EndProject
Project("{9A19103F-16F7-4668-BE54-9A1E7A4F7556}") = "Hangman.ConsoleInterface", "Hangman.ConsoleInterface\Hangman.ConsoleInterface.csproj", "{64A15016-032C-4D70-AD89-70E422604E42}"
EndProject
Project("{9A19103F-16F7-4668-BE54-9A1E7A4F7556}") = "Hangman.Components.Tests", "Hangman.Components.Tests\Hangman.Components.Tests.csproj", "{6D25A121-A2F4-415D-A297-62AC98122779}"
EndProject
Project("{FAE04EC0-301F-11D3-BF4B-00C04F79EFBC}") = "Hangman.ConsoleInterface.Tests", "Hangman.ConsoleInterface.Tests\Hangman.ConsoleInterface.Tests.csproj", "{897CBF65-4BEB-400B-887E-AE1553DB2F74}"
EndProject
Global
	GlobalSection(SolutionConfigurationPlatforms) = preSolution
		Debug|Any CPU = Debug|Any CPU
		Release|Any CPU = Release|Any CPU
	EndGlobalSection
	GlobalSection(ProjectConfigurationPlatforms) = postSolution
		{0CE5657E-EF01-41DE-9A7D-BB1BF142B697}.Debug|Any CPU.ActiveCfg = Debug|Any CPU
		{0CE5657E-EF01-41DE-9A7D-BB1BF142B697}.Debug|Any CPU.Build.0 = Debug|Any CPU
		{0CE5657E-EF01-41DE-9A7D-BB1BF142B697}.Release|Any CPU.ActiveCfg = Release|Any CPU
		{0CE5657E-EF01-41DE-9A7D-BB1BF142B697}.Release|Any CPU.Build.0 = Release|Any CPU
		{64A15016-032C-4D70-AD89-70E422604E42}.Debug|Any CPU.ActiveCfg = Debug|Any CPU
		{64A15016-032C-4D70-AD89-70E422604E42}.Debug|Any CPU.Build.0 = Debug|Any CPU
		{64A15016-032C-4D70-AD89-70E422604E42}.Release|Any CPU.ActiveCfg = Release|Any CPU
		{64A15016-032C-4D70-AD89-70E422604E42}.Release|Any CPU.Build.0 = Release|Any CPU
		{6D25A121-A2F4-415D-A297-62AC98122779}.Debug|Any CPU.ActiveCfg = Debug|Any CPU
		{6D25A121-A2F4-415D-A297-62AC98122779}.Debug|Any CPU.Build.0 = Debug|Any CPU
		{6D25A121-A2F4-415D-A297-62AC98122779}.Release|Any CPU.ActiveCfg = Release|Any CPU
		{6D25A121-A2F4-415D-A297-62AC98122779}.Release|Any CPU.Build.0 = Release|Any CPU
		{897CBF65-4BEB-400B-887E-AE1553DB2F74}.Debug|Any CPU.ActiveCfg = Debug|Any CPU
		{897CBF65-4BEB-400B-887E-AE1553DB2F74}.Debug|Any CPU.Build.0 = Debug|Any CPU
		{897CBF65-4BEB-400B-887E-AE1553DB2F74}.Release|Any CPU.ActiveCfg = Release|Any CPU
		{897CBF65-4BEB-400B-887E-AE1553DB2F74}.Release|Any CPU.Build.0 = Release|Any CPU
	EndGlobalSection
	GlobalSection(SolutionProperties) = preSolution
		HideSolutionNode = FALSE
	EndGlobalSection
	GlobalSection(ExtensibilityGlobals) = postSolution
		SolutionGuid = {74C6B730-0937-4CF4-B4C7-FF7355241DC2}
	EndGlobalSection
EndGlobal
